schema: '2.0'
stages:
  prepare:
    cmd: python scripts/simple_prepare.py
    deps:
    - path: data/raw
      hash: md5
      md5: 73df55ab50784f0b407a8a6e2bf9ec78.dir
      size: 40510081
      nfiles: 485
    - path: scripts/simple_prepare.py
      hash: md5
      md5: 0fc4208d8d89fe9b68c59bbc1dbffa38
      size: 4195
    outs:
    - path: data/processed/test.csv
      hash: md5
      md5: 03655363a614bcd37b91cff818d0190a
      size: 4020
    - path: data/processed/train.csv
      hash: md5
      md5: bbafb601be1f96102ae55fd91a4abf01
      size: 18562
    - path: data/processed/val.csv
      hash: md5
      md5: 4e8c9947ac68f434b06573c31c6d4f4b
      size: 4034
    - path: metrics/data_metrics.json
      hash: md5
      md5: beea66141e895d75ab5ff929d31a362b
      size: 755
  train:
    cmd: python scripts/train.py
    deps:
    - path: data/processed/test.csv
      hash: md5
      md5: 03655363a614bcd37b91cff818d0190a
      size: 4020
    - path: data/processed/train.csv
      hash: md5
      md5: bbafb601be1f96102ae55fd91a4abf01
      size: 18562
    - path: data/processed/val.csv
      hash: md5
      md5: 4e8c9947ac68f434b06573c31c6d4f4b
      size: 4034
    - path: scripts/train.py
      hash: md5
      md5: e0aceb385652955bdb7813b7e2cdb09b
      size: 8900
    outs:
    - path: metrics/train_metrics.json
      hash: md5
      md5: 848ec0595bd0e67776e2d3780c91cec0
      size: 1439
    - path: models/best_model.pth
      hash: md5
      md5: 4e4cf73cdc89b3137fd1ab9298ba29eb
      size: 44794507
  embeddings:
    cmd: python scripts/create_embeddings.py
    deps:
    - path: data/processed/test.csv
      hash: md5
      md5: 03655363a614bcd37b91cff818d0190a
      size: 4020
    - path: data/processed/train.csv
      hash: md5
      md5: bbafb601be1f96102ae55fd91a4abf01
      size: 18562
    - path: data/processed/val.csv
      hash: md5
      md5: 4e8c9947ac68f434b06573c31c6d4f4b
      size: 4034
    - path: models/best_model.pth
      hash: md5
      md5: 4e4cf73cdc89b3137fd1ab9298ba29eb
      size: 44794507
    - path: scripts/create_embeddings.py
      hash: md5
      md5: b02ed12fa0ef3bae624b573487c2eabf
      size: 10256
    outs:
    - path: chroma_db
      hash: md5
      md5: fec93721a8116839f0e2901e98d83f53.dir
      size: 2623652
      nfiles: 5
  report:
    cmd: python scripts/create_report.py
    deps:
    - path: chroma_db_info.json
      hash: md5
      md5: 4194d7052874092b1b0344804c40d23a
      size: 279
    - path: metrics/data_metrics.json
      hash: md5
      md5: beea66141e895d75ab5ff929d31a362b
      size: 755
    - path: metrics/train_metrics.json
      hash: md5
      md5: 848ec0595bd0e67776e2d3780c91cec0
      size: 1439
    outs:
    - path: metrics/summary.json
      hash: md5
      md5: 1d931aaff720246358eaaa3596be736a
      size: 3012
